
Microsoft Visual Studio Solution File, Format Version 12.00
# Visual Studio 15
VisualStudioVersion = 15.0.27130.2027
MinimumVisualStudioVersion = 10.0.40219.1
Project("{FAE04EC0-301F-11D3-BF4B-00C04F79EFBC}") = "LemmLab", "LemmLab\LemmLab.csproj", "{101A3E64-1BC3-4A6D-9E4D-B829F6B9842D}"
EndProject
Project("{FAE04EC0-301F-11D3-BF4B-00C04F79EFBC}") = "FileBase", "FileBase\FileBase.csproj", "{A0E906CB-F24D-40A3-9D04-8648C896AA54}"
EndProject
Project("{FAE04EC0-301F-11D3-BF4B-00C04F79EFBC}") = "SearchAndBase", "LawFileBase\SearchAndBase.csproj", "{3153355E-107E-4752-8F30-03EE5E821B34}"
EndProject
Project("{FAE04EC0-301F-11D3-BF4B-00C04F79EFBC}") = "experts_jurist", "serchProto\experts_jurist.csproj", "{D4BF4B1F-500E-41EE-887F-11F3456CE9F7}"
EndProject
Project("{FAE04EC0-301F-11D3-BF4B-00C04F79EFBC}") = "DBLab", "DBLab\DBLab.csproj", "{767290AD-BD57-4270-8396-DDD3CD4FF913}"
EndProject
Project("{FAE04EC0-301F-11D3-BF4B-00C04F79EFBC}") = "UserLoginForm", "UserLoginForm\UserLoginForm.csproj", "{766E3293-9FBF-4EF8-9898-7FBFFD31C51B}"
EndProject
Project("{FAE04EC0-301F-11D3-BF4B-00C04F79EFBC}") = "oprForm", "oprForm\oprForm.csproj", "{608ADB6A-0238-40CD-8705-0B11D4663079}"
EndProject
Global
	GlobalSection(SolutionConfigurationPlatforms) = preSolution
		Debug|Any CPU = Debug|Any CPU
		Release|Any CPU = Release|Any CPU
	EndGlobalSection
	GlobalSection(ProjectConfigurationPlatforms) = postSolution
		{101A3E64-1BC3-4A6D-9E4D-B829F6B9842D}.Debug|Any CPU.ActiveCfg = Debug|Any CPU
		{101A3E64-1BC3-4A6D-9E4D-B829F6B9842D}.Debug|Any CPU.Build.0 = Debug|Any CPU
		{101A3E64-1BC3-4A6D-9E4D-B829F6B9842D}.Release|Any CPU.ActiveCfg = Release|Any CPU
		{101A3E64-1BC3-4A6D-9E4D-B829F6B9842D}.Release|Any CPU.Build.0 = Release|Any CPU
		{A0E906CB-F24D-40A3-9D04-8648C896AA54}.Debug|Any CPU.ActiveCfg = Debug|Any CPU
		{A0E906CB-F24D-40A3-9D04-8648C896AA54}.Debug|Any CPU.Build.0 = Debug|Any CPU
		{A0E906CB-F24D-40A3-9D04-8648C896AA54}.Release|Any CPU.ActiveCfg = Release|Any CPU
		{A0E906CB-F24D-40A3-9D04-8648C896AA54}.Release|Any CPU.Build.0 = Release|Any CPU
		{3153355E-107E-4752-8F30-03EE5E821B34}.Debug|Any CPU.ActiveCfg = Debug|Any CPU
		{3153355E-107E-4752-8F30-03EE5E821B34}.Debug|Any CPU.Build.0 = Debug|Any CPU
		{3153355E-107E-4752-8F30-03EE5E821B34}.Release|Any CPU.ActiveCfg = Release|Any CPU
		{3153355E-107E-4752-8F30-03EE5E821B34}.Release|Any CPU.Build.0 = Release|Any CPU
		{D4BF4B1F-500E-41EE-887F-11F3456CE9F7}.Debug|Any CPU.ActiveCfg = Debug|Any CPU
		{D4BF4B1F-500E-41EE-887F-11F3456CE9F7}.Debug|Any CPU.Build.0 = Debug|Any CPU
		{D4BF4B1F-500E-41EE-887F-11F3456CE9F7}.Release|Any CPU.ActiveCfg = Release|Any CPU
		{D4BF4B1F-500E-41EE-887F-11F3456CE9F7}.Release|Any CPU.Build.0 = Release|Any CPU
		{767290AD-BD57-4270-8396-DDD3CD4FF913}.Debug|Any CPU.ActiveCfg = Debug|Any CPU
		{767290AD-BD57-4270-8396-DDD3CD4FF913}.Debug|Any CPU.Build.0 = Debug|Any CPU
		{767290AD-BD57-4270-8396-DDD3CD4FF913}.Release|Any CPU.ActiveCfg = Release|Any CPU
		{767290AD-BD57-4270-8396-DDD3CD4FF913}.Release|Any CPU.Build.0 = Release|Any CPU
		{766E3293-9FBF-4EF8-9898-7FBFFD31C51B}.Debug|Any CPU.ActiveCfg = Debug|Any CPU
		{766E3293-9FBF-4EF8-9898-7FBFFD31C51B}.Debug|Any CPU.Build.0 = Debug|Any CPU
		{766E3293-9FBF-4EF8-9898-7FBFFD31C51B}.Release|Any CPU.ActiveCfg = Release|Any CPU
		{766E3293-9FBF-4EF8-9898-7FBFFD31C51B}.Release|Any CPU.Build.0 = Release|Any CPU
		{608ADB6A-0238-40CD-8705-0B11D4663079}.Debug|Any CPU.ActiveCfg = Debug|Any CPU
		{608ADB6A-0238-40CD-8705-0B11D4663079}.Debug|Any CPU.Build.0 = Debug|Any CPU
		{608ADB6A-0238-40CD-8705-0B11D4663079}.Release|Any CPU.ActiveCfg = Release|Any CPU
		{608ADB6A-0238-40CD-8705-0B11D4663079}.Release|Any CPU.Build.0 = Release|Any CPU
	EndGlobalSection
	GlobalSection(SolutionProperties) = preSolution
		HideSolutionNode = FALSE
	EndGlobalSection
	GlobalSection(ExtensibilityGlobals) = postSolution
		SolutionGuid = {30CDB9A3-1AB9-444F-884A-0320AF66B0BC}
	EndGlobalSection
EndGlobal
